
Microsoft Visual Studio Solution File, Format Version 12.00
# Visual Studio Version 16
VisualStudioVersion = 16.0.30717.126
MinimumVisualStudioVersion = 10.0.40219.1
Project("{FAE04EC0-301F-11D3-BF4B-00C04F79EFBC}") = "COMP2001_WebRESTfulAPI", "COMP2001_WebRESTfulAPI\COMP2001_WebRESTfulAPI.csproj", "{BD5D5370-2F00-431E-8280-4086CCFB4816}"
EndProject
Global
	GlobalSection(SolutionConfigurationPlatforms) = preSolution
		Debug|Any CPU = Debug|Any CPU
		Release|Any CPU = Release|Any CPU
	EndGlobalSection
	GlobalSection(ProjectConfigurationPlatforms) = postSolution
		{BD5D5370-2F00-431E-8280-4086CCFB4816}.Debug|Any CPU.ActiveCfg = Debug|Any CPU
		{BD5D5370-2F00-431E-8280-4086CCFB4816}.Debug|Any CPU.Build.0 = Debug|Any CPU
		{BD5D5370-2F00-431E-8280-4086CCFB4816}.Release|Any CPU.ActiveCfg = Release|Any CPU
		{BD5D5370-2F00-431E-8280-4086CCFB4816}.Release|Any CPU.Build.0 = Release|Any CPU
	EndGlobalSection
	GlobalSection(SolutionProperties) = preSolution
		HideSolutionNode = FALSE
	EndGlobalSection
	GlobalSection(ExtensibilityGlobals) = postSolution
		SolutionGuid = {7CC639EE-70CD-445C-B860-D62365597118}
	EndGlobalSection
EndGlobal
